
Microsoft Visual Studio Solution File, Format Version 12.00
# Visual Studio Version 17
VisualStudioVersion = 17.11.35303.130
MinimumVisualStudioVersion = 10.0.40219.1
Project("{9A19103F-16F7-4668-BE54-9A1E7A4F7556}") = "ContainerApps.Functions", "ContainerApps.Functions\ContainerApps.Functions.csproj", "{E618D684-741F-4A5B-86CC-851F46EA743D}"
EndProject
Global
	GlobalSection(SolutionConfigurationPlatforms) = preSolution
		Debug|Any CPU = Debug|Any CPU
		Release|Any CPU = Release|Any CPU
	EndGlobalSection
	GlobalSection(ProjectConfigurationPlatforms) = postSolution
		{E618D684-741F-4A5B-86CC-851F46EA743D}.Debug|Any CPU.ActiveCfg = Debug|Any CPU
		{E618D684-741F-4A5B-86CC-851F46EA743D}.Debug|Any CPU.Build.0 = Debug|Any CPU
		{E618D684-741F-4A5B-86CC-851F46EA743D}.Release|Any CPU.ActiveCfg = Release|Any CPU
		{E618D684-741F-4A5B-86CC-851F46EA743D}.Release|Any CPU.Build.0 = Release|Any CPU
	EndGlobalSection
	GlobalSection(SolutionProperties) = preSolution
		HideSolutionNode = FALSE
	EndGlobalSection
	GlobalSection(ExtensibilityGlobals) = postSolution
		SolutionGuid = {FC1B3851-8ADF-4694-9FA1-01FF8BEDE2D7}
	EndGlobalSection
EndGlobal
